{
  "name": "@actjs.on/es-loading-resolver",
  "version": "1.0.0-rc.15",
  "lockfileVersion": 1,
  "requires": true,
  "dependencies": {
    "@actjs.on/caller-file-track-trace": {
      "version": "1.0.0-rc.1",
      "resolved": "https://registry.npmjs.org/@actjs.on/caller-file-track-trace/-/caller-file-track-trace-1.0.0-rc.1.tgz",
      "integrity": "sha512-/VrQfgPfP9yPpS08/e2UGPFDvDlKPGKRnYXGMTA5Kjm7hBUq9RcGtM+islNJL+HK9REH0eU9NfgzGv5I4PF+HQ=="
    },
    "@types/node": {
      "version": "12.20.14",
      "resolved": "https://registry.npmjs.org/@types/node/-/node-12.20.14.tgz",
      "integrity": "sha512-iFJOS5Q470FF+r4Ol2pSley7/wCNVqf+jgjhtxLLaJcDs+To2iCxlXIkJXrGLD9w9G/oJ9ibySu7z92DCwr7Pg==",
      "dev": true
    },
    "typescript": {
      "version": "4.0.7",
      "resolved": "https://registry.npmjs.org/typescript/-/typescript-4.0.7.tgz",
      "integrity": "sha512-yi7M4y74SWvYbnazbn8/bmJmX4Zlej39ZOqwG/8dut/MYoSQ119GY9ZFbbGsD4PFZYWxqik/XsP3vk3+W5H3og==",
      "dev": true
    }
  }
}
